PATH
  remote: .
  specs:
    ractor-tmvar (0.2.0)
      ractor-sharing (~> 0.3.0)

GEM
  remote: https://rubygems.org/
  specs:
    ast (2.4.3)
    json (3.0.2)
    language_server-protocol (3.17.0.6)
    lint_roller (1.1.0)
    parallel (1.28.0)
    parser (3.3.12.0)
      ast (~> 2.4.1)
      racc
    power_assert (3.1.0)
    prism (1.9.0)
    racc (1.8.1)
    ractor-sharing (0.3.0)
    rainbow (3.1.1)
    rake (13.4.2)
    regexp_parser (2.13.1)
    rubocop (1.91.0)
      json (>= 2.3)
      language_server-protocol (~> 3.17.0.2)
      lint_roller (~> 1.1.0)
      parallel (>= 1.10)
      parser (>= 3.3.0.2)
      rainbow (>= 2.2.2, < 4.0)
      regexp_parser (>= 2.9.3, < 3.0)
      rubocop-ast (>= 1.49.0, < 2.0)
      ruby-progressbar (~> 1.7)
      unicode-display_width (>= 2.4.0, < 4.0)
    rubocop-ast (1.50.0)
      parser (>= 3.3.7.2)
      prism (~> 1.7)
    rubocop-rake (0.7.1)
      lint_roller (~> 1.1)
      rubocop (>= 1.72.1)
    ruby-progressbar (1.13.0)
    test-unit (3.7.8)
      power_assert
    unicode-display_width (3.3.0)
      unicode-emoji (~> 4.3)
    unicode-emoji (4.3.0)

PLATFORMS
  ruby
  x86_64-linux

DEPENDENCIES
  ractor-tmvar!
  rake (~> 13.0)
  rubocop (~> 1.91)
  rubocop-rake (~> 0.7)
  test-unit (~> 3.0)

CHECKSUMS
  ast (2.4.3) sha256=954615157c1d6a382bc27d690d973195e79db7f55e9765ac7c481c60bdb4d383
  bundler (4.0.16) sha256=d6ca5dd440c24f9abce9844cf44cc8e18c6a553de65a47efb4544137af92c47d
  json (3.0.2) sha256=8e6d7e7b11384c21230430cef90b71f14849a34a1f4452796670f7c981bd19df
  language_server-protocol (3.17.0.6) sha256=5ef2c0c138f8267e1bc631d3328347d354f96724b0af22f2c79516120443b7f0
  lint_roller (1.1.0) sha256=2c0c845b632a7d172cb849cc90c1bce937a28c5c8ccccb50dfd46a485003cc87
  parallel (1.28.0) sha256=33e6de1484baf2524792d178b0913fc8eb94c628d6cfe45599ad4458c638c970
  parser (3.3.12.0) sha256=21a6d7f755d5a24dfbdc6e6b772e4e879a52e7631a88bc5a3a134606052c9828
  power_assert (3.1.0) sha256=fefe98ed5d3140628138f3f9f9194d6ece01f1320e69700d3c928adca7518251
  prism (1.9.0) sha256=7b530c6a9f92c24300014919c9dcbc055bf4cdf51ec30aed099b06cd6674ef85
  racc (1.8.1) sha256=4a7f6929691dbec8b5209a0b373bc2614882b55fc5d2e447a21aaa691303d62f
  ractor-sharing (0.3.0) sha256=9adb2f899e4e38f477a2d3c02368e8ff40be96b119172312253338ee1e22f63f
  ractor-tmvar (0.2.0)
  rainbow (3.1.1) sha256=039491aa3a89f42efa1d6dec2fc4e62ede96eb6acd95e52f1ad581182b79bc6a
  rake (13.4.2) sha256=cb825b2bd5f1f8e91ca37bddb4b9aaf345551b4731da62949be002fa89283701
  regexp_parser (2.13.1) sha256=5aedb6b7c35688f51e86eef17a15374dfd287c83f4ca644b2c5f3ec50a33b44b
  rubocop (1.91.0) sha256=9c82b7bf391c5d7e3798c5b9996e22a1fe3bd7468e351dfdeb96140c058296d0
  rubocop-ast (1.50.0) sha256=b9ca88300da0803ee222ad20cdb30494c0a784eed06fdc35d254b06d662788db
  rubocop-rake (0.7.1) sha256=3797f2b6810c3e9df7376c26d5f44f3475eda59eb1adc38e6f62ecf027cbae4d
  ruby-progressbar (1.13.0) sha256=80fc9c47a9b640d6834e0dc7b3c94c9df37f08cb072b7761e4a71e22cff29b33
  test-unit (3.7.8) sha256=689d1ca53f4d46f678b4e5d68d8e4294f87fc5e8b9238cc4de7c5727e8d65943
  unicode-display_width (3.3.0) sha256=4b7aa66a4b11db50f6f7e98411215cd0dd10eaecb665d36eec5bcacb3fa0b613
  unicode-emoji (4.3.0) sha256=11c02fa73290378c066bb0562cd4c87d8e1b706fbbe0059ca12746a4244de8ce

BUNDLED WITH
  4.0.16
